// !$*UTF8*$!
{
	archiveVersion = 1;
	classes = {
	};
	objectVersion = 50;
	objects = {

/* Begin PBXBuildFile section */
		A22897E9216B2FD800BD9768 /* AppDelegate.swift in Sources */ = {isa = PBXBuildFile; fileRef = A22897E8216B2FD800BD9768 /* AppDelegate.swift */; };
		A22897EB216B2FD800BD9768 /* ViewController.swift in Sources */ = {isa = PBXBuildFile; fileRef = A22897EA216B2FD800BD9768 /* ViewController.swift */; };
		A22897EE216B2FD800BD9768 /* Main.storyboard in Resources */ = {isa = PBXBuildFile; fileRef = A22897EC216B2FD800BD9768 /* Main.storyboard */; };
		A22897F0216B2FDD00BD9768 /* Assets.xcassets in Resources */ = {isa = PBXBuildFile; fileRef = A22897EF216B2FDD00BD9768 /* Assets.xcassets */; };
		A22897F3216B2FDD00BD9768 /* LaunchScreen.storyboard in Resources */ = {isa = PBXBuildFile; fileRef = A22897F1216B2FDD00BD9768 /* LaunchScreen.storyboard */; };
		A22897FE216B2FDD00BD9768 /* URLBlockDemoUITests.swift in Sources */ = {isa = PBXBuildFile; fileRef = A22897FD216B2FDD00BD9768 /* URLBlockDemoUITests.swift */; };
		A22A43B5216B34090077802F /* MyViewController.swift in Sources */ = {isa = PBXBuildFile; fileRef = A22A43B4216B34090077802F /* MyViewController.swift */; };
		A22A43D5217032A00077802F /* JYURLRouter.swift in Sources */ = {isa = PBXBuildFile; fileRef = A22A43D42170329F0077802F /* JYURLRouter.swift */; };
/* End PBXBuildFile section */

/* Begin PBXContainerItemProxy section */
		A22897FA216B2FDD00BD9768 /* PBXContainerItemProxy */ = {
			isa = PBXContainerItemProxy;
			containerPortal = A22897DD216B2FD800BD9768 /* Project object */;
			proxyType = 1;
			remoteGlobalIDString = A22897E4216B2FD800BD9768;
			remoteInfo = URLBlockDemo;
		};
/* End PBXContainerItemProxy section */

/* Begin PBXFileReference section */
		A22897E5216B2FD800BD9768 /* URLBlockDemo.app */ = {isa = PBXFileReference; explicitFileType = wrapper.application; includeInIndex = 0; path = URLBlockDemo.app; sourceTree = BUILT_PRODUCTS_DIR; };
		A22897E8216B2FD800BD9768 /* AppDelegate.swift */ = {isa = PBXFileReference; lastKnownFileType = sourcecode.swift; path = AppDelegate.swift; sourceTree = "<group>"; };
		A22897EA216B2FD800BD9768 /* ViewController.swift */ = {isa = PBXFileReference; lastKnownFileType = sourcecode.swift; path = ViewController.swift; sourceTree = "<group>"; };
		A22897ED216B2FD800BD9768 /* Base */ = {isa = PBXFileReference; lastKnownFileType = file.storyboard; name = Base; path = Base.lproj/Main.storyboard; sourceTree = "<group>"; };
		A22897EF216B2FDD00BD9768 /* Assets.xcassets */ = {isa = PBXFileReference; lastKnownFileType = folder.assetcatalog; path = Assets.xcassets; sourceTree = "<group>"; };
		A22897F2216B2FDD00BD9768 /* Base */ = {isa = PBXFileReference; lastKnownFileType = file.storyboard; name = Base; path = Base.lproj/LaunchScreen.storyboard; sourceTree = "<group>"; };
		A22897F4216B2FDD00BD9768 /* Info.plist */ = {isa = PBXFileReference; lastKnownFileType = text.plist.xml; path = Info.plist; sourceTree = "<group>"; };
		A22897F9216B2FDD00BD9768 /* URLBlockDemoUITests.xctest */ = {isa = PBXFileReference; explicitFileType = wrapper.cfbundle; includeInIndex = 0; path = URLBlockDemoUITests.xctest; sourceTree = BUILT_PRODUCTS_DIR; };
		A22897FD216B2FDD00BD9768 /* URLBlockDemoUITests.swift */ = {isa = PBXFileReference; lastKnownFileType = sourcecode.swift; path = URLBlockDemoUITests.swift; sourceTree = "<group>"; };
		A22897FF216B2FDD00BD9768 /* Info.plist */ = {isa = PBXFileReference; lastKnownFileType = text.plist.xml; path = Info.plist; sourceTree = "<group>"; };
		A22A43B4216B34090077802F /* MyViewController.swift */ = {isa = PBXFileReference; lastKnownFileType = sourcecode.swift; path = MyViewController.swift; sourceTree = "<group>"; };
		A22A43D42170329F0077802F /* JYURLRouter.swift */ = {isa = PBXFileReference; lastKnownFileType = sourcecode.swift; path = JYURLRouter.swift; sourceTree = "<group>"; };
/* End PBXFileReference section */

/* Begin PBXFrameworksBuildPhase section */
		A22897E2216B2FD800BD9768 /* Frameworks */ = {
			isa = PBXFrameworksBuildPhase;
			buildActionMask = 2147483647;
			files = (
			);
			runOnlyForDeploymentPostprocessing = 0;
		};
		A22897F6216B2FDD00BD9768 /* Frameworks */ = {
			isa = PBXFrameworksBuildPhase;
			buildActionMask = 2147483647;
			files = (
			);
			runOnlyForDeploymentPostprocessing = 0;
		};
/* End PBXFrameworksBuildPhase section */

/* Begin PBXGroup section */
		A22897DC216B2FD800BD9768 = {
			isa = PBXGroup;
			children = (
				A22897E7216B2FD800BD9768 /* URLBlockDemo */,
				A22897FC216B2FDD00BD9768 /* URLBlockDemoUITests */,
				A22897E6216B2FD800BD9768 /* Products */,
			);
			sourceTree = "<group>";
		};
		A22897E6216B2FD800BD9768 /* Products */ = {
			isa = PBXGroup;
			children = (
				A22897E5216B2FD800BD9768 /* URLBlockDemo.app */,
				A22897F9216B2FDD00BD9768 /* URLBlockDemoUITests.xctest */,
			);
			name = Products;
			sourceTree = "<group>";
		};
		A22897E7216B2FD800BD9768 /* URLBlockDemo */ = {
			isa = PBXGroup;
			children = (
				A22897E8216B2FD800BD9768 /* AppDelegate.swift */,
				A22897EA216B2FD800BD9768 /* ViewController.swift */,
				A22A43D42170329F0077802F /* JYURLRouter.swift */,
				A22A43B4216B34090077802F /* MyViewController.swift */,
				A22897EC216B2FD800BD9768 /* Main.storyboard */,
				A22897EF216B2FDD00BD9768 /* Assets.xcassets */,
				A22897F1216B2FDD00BD9768 /* LaunchScreen.storyboard */,
				A22897F4216B2FDD00BD9768 /* Info.plist */,
			);
			path = URLBlockDemo;
			sourceTree = "<group>";
		};
		A22897FC216B2FDD00BD9768 /* URLBlockDemoUITests */ = {
			isa = PBXGroup;
			children = (
				A22897FD216B2FDD00BD9768 /* URLBlockDemoUITests.swift */,
				A22897FF216B2FDD00BD9768 /* Info.plist */,
			);
			path = URLBlockDemoUITests;
			sourceTree = "<group>";
		};
/* End PBXGroup section */

/* Begin PBXNativeTarget section */
		A22897E4216B2FD800BD9768 /* URLBlockDemo */ = {
			isa = PBXNativeTarget;
			buildConfigurationList = A2289802216B2FDD00BD9768 /* Build configuration list for PBXNativeTarget "URLBlockDemo" */;
			buildPhases = (
				A22897E1216B2FD800BD9768 /* Sources */,
				A22897E2216B2FD800BD9768 /* Frameworks */,
				A22897E3216B2FD800BD9768 /* Resources */,
			);
			buildRules = (
			);
			dependencies = (
			);
			name = URLBlockDemo;
			productName = URLBlockDemo;
			productReference = A22897E5216B2FD800BD9768 /* URLBlockDemo.app */;
			productType = "com.apple.product-type.application";
		};
		A22897F8216B2FDD00BD9768 /* URLBlockDemoUITests */ = {
			isa = PBXNativeTarget;
			buildConfigurationList = A2289805216B2FDD00BD9768 /* Build configuration list for PBXNativeTarget "URLBlockDemoUITests" */;
			buildPhases = (
				A22897F5216B2FDD00BD9768 /* Sources */,
				A22897F6216B2FDD00BD9768 /* Frameworks */,
				A22897F7216B2FDD00BD9768 /* Resources */,
			);
			buildRules = (
			);
			dependencies = (
				A22897FB216B2FDD00BD9768 /* PBXTargetDependency */,
			);
			name = URLBlockDemoUITests;
			productName = URLBlockDemoUITests;
			productReference = A22897F9216B2FDD00BD9768 /* URLBlockDemoUITests.xctest */;
			productType = "com.apple.product-type.bundle.ui-testing";
		};
/* End PBXNativeTarget section */

/* Begin PBXProject section */
		A22897DD216B2FD800BD9768 /* Project object */ = {
			isa = PBXProject;
			attributes = {
				LastSwiftUpdateCheck = 1000;
				LastUpgradeCheck = 1000;
				ORGANIZATIONNAME = "林楠";
				TargetAttributes = {
					A22897E4216B2FD800BD9768 = {
						CreatedOnToolsVersion = 10.0;
					};
					A22897F8216B2FDD00BD9768 = {
						CreatedOnToolsVersion = 10.0;
						TestTargetID = A22897E4216B2FD800BD9768;
					};
				};
			};
			buildConfigurationList = A22897E0216B2FD800BD9768 /* Build configuration list for PBXProject "URLBlockDemo" */;
			compatibilityVersion = "Xcode 9.3";
			developmentRegion = en;
			hasScannedForEncodings = 0;
			knownRegions = (
				en,
				Base,
			);
			mainGroup = A22897DC216B2FD800BD9768;
			productRefGroup = A22897E6216B2FD800BD9768 /* Products */;
			projectDirPath = "";
			projectRoot = "";
			targets = (
				A22897E4216B2FD800BD9768 /* URLBlockDemo */,
				A22897F8216B2FDD00BD9768 /* URLBlockDemoUITests */,
			);
		};
/* End PBXProject section */

/* Begin PBXResourcesBuildPhase section */
		A22897E3216B2FD800BD9768 /* Resources */ = {
			isa = PBXResourcesBuildPhase;
			buildActionMask = 2147483647;
			files = (
				A22897F3216B2FDD00BD9768 /* LaunchScreen.storyboard in Resources */,
				A22897F0216B2FDD00BD9768 /* Assets.xcassets in Resources */,
				A22897EE216B2FD800BD9768 /* Main.storyboard in Resources */,
			);
			runOnlyForDeploymentPostprocessing = 0;
		};
		A22897F7216B2FDD00BD9768 /* Resources */ = {
			isa = PBXResourcesBuildPhase;
			buildActionMask = 2147483647;
			files = (
			);
			runOnlyForDeploymentPostprocessing = 0;
		};
/* End PBXResourcesBuildPhase section */

/* Begin PBXSourcesBuildPhase section */
		A22897E1216B2FD800BD9768 /* Sources */ = {
			isa = PBXSourcesBuildPhase;
			buildActionMask = 2147483647;
			files = (
				A22897EB216B2FD800BD9768 /* ViewController.swift in Sources */,
				A22A43B5216B34090077802F /* MyViewController.swift in Sources */,
				A22897E9216B2FD800BD9768 /* AppDelegate.swift in Sources */,
				A22A43D5217032A00077802F /* JYURLRouter.swift in Sources */,
			);
			runOnlyForDeploymentPostprocessing = 0;
		};
		A22897F5216B2FDD00BD9768 /* Sources */ = {
			isa = PBXSourcesBuildPhase;
			buildActionMask = 2147483647;
			files = (
				A22897FE216B2FDD00BD9768 /* URLBlockDemoUITests.swift in Sources */,
			);
			runOnlyForDeploymentPostprocessing = 0;
		};
/* End PBXSourcesBuildPhase section */

/* Begin PBXTargetDependency section */
		A22897FB216B2FDD00BD9768 /* PBXTargetDependency */ = {
			isa = PBXTargetDependency;
			target = A22897E4216B2FD800BD9768 /* URLBlockDemo */;
			targetProxy = A22897FA216B2FDD00BD9768 /* PBXContainerItemProxy */;
		};
/* End PBXTargetDependency section */

/* Begin PBXVariantGroup section */
		A22897EC216B2FD800BD9768 /* Main.storyboard */ = {
			isa = PBXVariantGroup;
			children = (
				A22897ED216B2FD800BD9768 /* Base */,
			);
			name = Main.storyboard;
			sourceTree = "<group>";
		};
		A22897F1216B2FDD00BD9768 /* LaunchScreen.storyboard */ = {
			isa = PBXVariantGroup;
			children = (
				A22897F2216B2FDD00BD9768 /* Base */,
			);
			name = LaunchScreen.storyboard;
			sourceTree = "<group>";
		};
/* End PBXVariantGroup section */

/* Begin XCBuildConfiguration section */
		A2289800216B2FDD00BD9768 /* Debug */ = {
			isa = XCBuildConfiguration;
			buildSettings = {
				ALWAYS_SEARCH_USER_PATHS = NO;
				CLANG_ANALYZER_NONNULL = YES;
				CLANG_ANALYZER_NUMBER_OBJECT_CONVERSION = YES_AGGRESSIVE;
				CLANG_CXX_LANGUAGE_STANDARD = "gnu++14";
				CLANG_CXX_LIBRARY = "libc++";
				CLANG_ENABLE_MODULES = YES;
				CLANG_ENABLE_OBJC_ARC = YES;
				CLANG_ENABLE_OBJC_WEAK = YES;
				CLANG_WARN_BLOCK_CAPTURE_AUTORELEASING = YES;
				CLANG_WARN_BOOL_CONVERSION = YES;
				CLANG_WARN_COMMA = YES;
				CLANG_WARN_CONSTANT_CONVERSION = YES;
				CLANG_WARN_DEPRECATED_OBJC_IMPLEMENTATIONS = YES;
				CLANG_WARN_DIRECT_OBJC_ISA_USAGE = YES_ERROR;
				CLANG_WARN_DOCUMENTATION_COMMENTS = YES;
				CLANG_WARN_EMPTY_BODY = YES;
				CLANG_WARN_ENUM_CONVERSION = YES;
				CLANG_WARN_INFINITE_RECURSION = YES;
				CLANG_WARN_INT_CONVERSION = YES;
				CLANG_WARN_NON_LITERAL_NULL_CONVERSION = YES;
				CLANG_WARN_OBJC_IMPLICIT_RETAIN_SELF = YES;
				CLANG_WARN_OBJC_LITERAL_CONVERSION = YES;
				CLANG_WARN_OBJC_ROOT_CLASS = YES_ERROR;
				CLANG_WARN_RANGE_LOOP_ANALYSIS = YES;
				CLANG_WARN_STRICT_PROTOTYPES = YES;
				CLANG_WARN_SUSPICIOUS_MOVE = YES;
				CLANG_WARN_UNGUARDED_AVAILABILITY = YES_AGGRESSIVE;
				CLANG_WARN_UNREACHABLE_CODE = YES;
				CLANG_WARN__DUPLICATE_METHOD_MATCH = YES;
				CODE_SIGN_IDENTITY = "iPhone Developer";
				COPY_PHASE_STRIP = NO;
				DEBUG_INFORMATION_FORMAT = dwarf;
				ENABLE_STRICT_OBJC_MSGSEND = YES;
				ENABLE_TESTABILITY = YES;
				GCC_C_LANGUAGE_STANDARD = gnu11;
				GCC_DYNAMIC_NO_PIC = NO;
				GCC_NO_COMMON_BLOCKS = YES;
				GCC_OPTIMIZATION_LEVEL = 0;
				GCC_PREPROCESSOR_DEFINITIONS = (
					"DEBUG=1",
					"$(inherited)",
				);
				GCC_WARN_64_TO_32_BIT_CONVERSION = YES;
				GCC_WARN_ABOUT_RETURN_TYPE = YES_ERROR;
				GCC_WARN_UNDECLARED_SELECTOR = YES;
				GCC_WARN_UNINITIALIZED_AUTOS = YES_AGGRESSIVE;
				GCC_WARN_UNUSED_FUNCTION = YES;
				GCC_WARN_UNUSED_VARIABLE = YES;
				IPHONEOS_DEPLOYMENT_TARGET = 12.0;
				MTL_ENABLE_DEBUG_INFO = INCLUDE_SOURCE;
				MTL_FAST_MATH = YES;
				ONLY_ACTIVE_ARCH = YES;
				SDKROOT = iphoneos;
				SWIFT_ACTIVE_COMPILATION_CONDITIONS = DEBUG;
				SWIFT_OPTIMIZATION_LEVEL = "-Onone";
			};
			name = Debug;
		};
		A2289801216B2FDD00BD9768 /* Release */ = {
			isa = XCBuildConfiguration;
			buildSettings = {
				ALWAYS_SEARCH_USER_PATHS = NO;
				CLANG_ANALYZER_NONNULL = YES;
				CLANG_ANALYZER_NUMBER_OBJECT_CONVERSION = YES_AGGRESSIVE;
				CLANG_CXX_LANGUAGE_STANDARD = "gnu++14";
				CLANG_CXX_LIBRARY = "libc++";
				CLANG_ENABLE_MODULES = YES;
				CLANG_ENABLE_OBJC_ARC = YES;
				CLANG_ENABLE_OBJC_WEAK = YES;
				CLANG_WARN_BLOCK_CAPTURE_AUTORELEASING = YES;
				CLANG_WARN_BOOL_CONVERSION = YES;
				CLANG_WARN_COMMA = YES;
				CLANG_WARN_CONSTANT_CONVERSION = YES;
				CLANG_WARN_DEPRECATED_OBJC_IMPLEMENTATIONS = YES;
				CLANG_WARN_DIRECT_OBJC_ISA_USAGE = YES_ERROR;
				CLANG_WARN_DOCUMENTATION_COMMENTS = YES;
				CLANG_WARN_EMPTY_BODY = YES;
				CLANG_WARN_ENUM_CONVERSION = YES;
				CLANG_WARN_INFINITE_RECURSION = YES;
				CLANG_WARN_INT_CONVERSION = YES;
				CLANG_WARN_NON_LITERAL_NULL_CONVERSION = YES;
				CLANG_WARN_OBJC_IMPLICIT_RETAIN_SELF = YES;
				CLANG_WARN_OBJC_LITERAL_CONVERSION = YES;
				CLANG_WARN_OBJC_ROOT_CLASS = YES_ERROR;
				CLANG_WARN_RANGE_LOOP_ANALYSIS = YES;
				CLANG_WARN_STRICT_PROTOTYPES = YES;
				CLANG_WARN_SUSPICIOUS_MOVE = YES;
				CLANG_WARN_UNGUARDED_AVAILABILITY = YES_AGGRESSIVE;
				CLANG_WARN_UNREACHABLE_CODE = YES;
				CLANG_WARN__DUPLICATE_METHOD_MATCH = YES;
				CODE_SIGN_IDENTITY = "iPhone Developer";
				COPY_PHASE_STRIP = NO;
				DEBUG_INFORMATION_FORMAT = "dwarf-with-dsym";
				ENABLE_NS_ASSERTIONS = NO;
				ENABLE_STRICT_OBJC_MSGSEND = YES;
				GCC_C_LANGUAGE_STANDARD = gnu11;
				GCC_NO_COMMON_BLOCKS = YES;
				GCC_WARN_64_TO_32_BIT_CONVERSION = YES;
				GCC_WARN_ABOUT_RETURN_TYPE = YES_ERROR;
				GCC_WARN_UNDECLARED_SELECTOR = YES;
				GCC_WARN_UNINITIALIZED_AUTOS = YES_AGGRESSIVE;
				GCC_WARN_UNUSED_FUNCTION = YES;
				GCC_WARN_UNUSED_VARIABLE = YES;
				IPHONEOS_DEPLOYMENT_TARGET = 12.0;
				MTL_ENABLE_DEBUG_INFO = NO;
				MTL_FAST_MATH = YES;
				SDKROOT = iphoneos;
				SWIFT_COMPILATION_MODE = wholemodule;
				SWIFT_OPTIMIZATION_LEVEL = "-O";
				VALIDATE_PRODUCT = YES;
			};
			name = Release;
		};
		A2289803216B2FDD00BD9768 /* Debug */ = {
			isa = XCBuildConfiguration;
			buildSettings = {
				ASSETCATALOG_COMPILER_APPICON_NAME = AppIcon;
				CODE_SIGN_STYLE = Automatic;
				INFOPLIST_FILE = URLBlockDemo/Info.plist;
				LD_RUNPATH_SEARCH_PATHS = (
					"$(inherited)",
					"@executable_path/Frameworks",
				);
				PRODUCT_BUNDLE_IDENTIFIER = com.linnan.URLBlockDemo;
				PRODUCT_NAME = "$(TARGET_NAME)";
				SWIFT_VERSION = 4.2;
				TARGETED_DEVICE_FAMILY = "1,2";
			};
			name = Debug;
		};
		A2289804216B2FDD00BD9768 /* Release */ = {
			isa = XCBuildConfiguration;
			buildSettings = {
				ASSETCATALOG_COMPILER_APPICON_NAME = AppIcon;
				CODE_SIGN_STYLE = Automatic;
				INFOPLIST_FILE = URLBlockDemo/Info.plist;
				LD_RUNPATH_SEARCH_PATHS = (
					"$(inherited)",
					"@executable_path/Frameworks",
				);
				PRODUCT_BUNDLE_IDENTIFIER = com.linnan.URLBlockDemo;
				PRODUCT_NAME = "$(TARGET_NAME)";
				SWIFT_VERSION = 4.2;
				TARGETED_DEVICE_FAMILY = "1,2";
			};
			name = Release;
		};
		A2289806216B2FDD00BD9768 /* Debug */ = {
			isa = XCBuildConfiguration;
			buildSettings = {
				ALWAYS_EMBED_SWIFT_STANDARD_LIBRARIES = YES;
				CODE_SIGN_STYLE = Automatic;
				INFOPLIST_FILE = URLBlockDemoUITests/Info.plist;
				LD_RUNPATH_SEARCH_PATHS = (
					"$(inherited)",
					"@executable_path/Frameworks",
					"@loader_path/Frameworks",
				);
				PRODUCT_BUNDLE_IDENTIFIER = com.linnan.URLBlockDemoUITests;
				PRODUCT_NAME = "$(TARGET_NAME)";
				SWIFT_VERSION = 4.2;
				TARGETED_DEVICE_FAMILY = "1,2";
				TEST_TARGET_NAME = URLBlockDemo;
			};
			name = Debug;
		};
		A2289807216B2FDD00BD9768 /* Release */ = {
			isa = XCBuildConfiguration;
			buildSettings = {
				ALWAYS_EMBED_SWIFT_STANDARD_LIBRARIES = YES;
				CODE_SIGN_STYLE = Automatic;
				INFOPLIST_FILE = URLBlockDemoUITests/Info.plist;
				LD_RUNPATH_SEARCH_PATHS = (
					"$(inherited)",
					"@executable_path/Frameworks",
					"@loader_path/Frameworks",
				);
				PRODUCT_BUNDLE_IDENTIFIER = com.linnan.URLBlockDemoUITests;
				PRODUCT_NAME = "$(TARGET_NAME)";
				SWIFT_VERSION = 4.2;
				TARGETED_DEVICE_FAMILY = "1,2";
				TEST_TARGET_NAME = URLBlockDemo;
			};
			name = Release;
		};
/* End XCBuildConfiguration section */

/* Begin XCConfigurationList section */
		A22897E0216B2FD800BD9768 /* Build configuration list for PBXProject "URLBlockDemo" */ = {
			isa = XCConfigurationList;
			buildConfigurations = (
				A2289800216B2FDD00BD9768 /* Debug */,
				A2289801216B2FDD00BD9768 /* Release */,
			);
			defaultConfigurationIsVisible = 0;
			defaultConfigurationName = Release;
		};
		A2289802216B2FDD00BD9768 /* Build configuration list for PBXNativeTarget "URLBlockDemo" */ = {
			isa = XCConfigurationList;
			buildConfigurations = (
				A2289803216B2FDD00BD9768 /* Debug */,
				A2289804216B2FDD00BD9768 /* Release */,
			);
			defaultConfigurationIsVisible = 0;
			defaultConfigurationName = Release;
		};
		A2289805216B2FDD00BD9768 /* Build configuration list for PBXNativeTarget "URLBlockDemoUITests" */ = {
			isa = XCConfigurationList;
			buildConfigurations = (
				A2289806216B2FDD00BD9768 /* Debug */,
				A2289807216B2FDD00BD9768 /* Release */,
			);
			defaultConfigurationIsVisible = 0;
			defaultConfigurationName = Release;
		};
/* End XCConfigurationList section */
	};
	rootObject = A22897DD216B2FD800BD9768 /* Project object */;
}
