// !$*UTF8*$!
{
	archiveVersion = 1;
	classes = {
	};
	objectVersion = 50;
	objects = {

/* Begin PBXBuildFile section */
		A22897DB216AF22B00BD9768 /* Target_MyCenter.swift in Sources */ = {isa = PBXBuildFile; fileRef = A22897DA216AF22B00BD9768 /* Target_MyCenter.swift */; };
		A26348092160686F003C9B8F /* AppDelegate.swift in Sources */ = {isa = PBXBuildFile; fileRef = A26348082160686F003C9B8F /* AppDelegate.swift */; };
		A263480B2160686F003C9B8F /* ViewController.swift in Sources */ = {isa = PBXBuildFile; fileRef = A263480A2160686F003C9B8F /* ViewController.swift */; };
		A263480E2160686F003C9B8F /* Main.storyboard in Resources */ = {isa = PBXBuildFile; fileRef = A263480C2160686F003C9B8F /* Main.storyboard */; };
		A263481021606872003C9B8F /* Assets.xcassets in Resources */ = {isa = PBXBuildFile; fileRef = A263480F21606872003C9B8F /* Assets.xcassets */; };
		A263481321606872003C9B8F /* LaunchScreen.storyboard in Resources */ = {isa = PBXBuildFile; fileRef = A263481121606872003C9B8F /* LaunchScreen.storyboard */; };
		A263481E21606872003C9B8F /* RuntimeDemoUITests.swift in Sources */ = {isa = PBXBuildFile; fileRef = A263481D21606872003C9B8F /* RuntimeDemoUITests.swift */; };
		A263482B21606B12003C9B8F /* MyViewController.swift in Sources */ = {isa = PBXBuildFile; fileRef = A263482A21606B12003C9B8F /* MyViewController.swift */; };
		A263482D216072EB003C9B8F /* JYMediator.swift in Sources */ = {isa = PBXBuildFile; fileRef = A263482C216072EB003C9B8F /* JYMediator.swift */; };
		A263482F21607B4D003C9B8F /* MyCenterModule.swift in Sources */ = {isa = PBXBuildFile; fileRef = A263482E21607B4D003C9B8F /* MyCenterModule.swift */; };
/* End PBXBuildFile section */

/* Begin PBXContainerItemProxy section */
		A263481A21606872003C9B8F /* PBXContainerItemProxy */ = {
			isa = PBXContainerItemProxy;
			containerPortal = A26347FD2160686F003C9B8F /* Project object */;
			proxyType = 1;
			remoteGlobalIDString = A26348042160686F003C9B8F;
			remoteInfo = RuntimeDemo;
		};
/* End PBXContainerItemProxy section */

/* Begin PBXFileReference section */
		A22897DA216AF22B00BD9768 /* Target_MyCenter.swift */ = {isa = PBXFileReference; lastKnownFileType = sourcecode.swift; path = Target_MyCenter.swift; sourceTree = "<group>"; };
		A26348052160686F003C9B8F /* RuntimeDemo.app */ = {isa = PBXFileReference; explicitFileType = wrapper.application; includeInIndex = 0; path = RuntimeDemo.app; sourceTree = BUILT_PRODUCTS_DIR; };
		A26348082160686F003C9B8F /* AppDelegate.swift */ = {isa = PBXFileReference; lastKnownFileType = sourcecode.swift; path = AppDelegate.swift; sourceTree = "<group>"; };
		A263480A2160686F003C9B8F /* ViewController.swift */ = {isa = PBXFileReference; lastKnownFileType = sourcecode.swift; path = ViewController.swift; sourceTree = "<group>"; };
		A263480D2160686F003C9B8F /* Base */ = {isa = PBXFileReference; lastKnownFileType = file.storyboard; name = Base; path = Base.lproj/Main.storyboard; sourceTree = "<group>"; };
		A263480F21606872003C9B8F /* Assets.xcassets */ = {isa = PBXFileReference; lastKnownFileType = folder.assetcatalog; path = Assets.xcassets; sourceTree = "<group>"; };
		A263481221606872003C9B8F /* Base */ = {isa = PBXFileReference; lastKnownFileType = file.storyboard; name = Base; path = Base.lproj/LaunchScreen.storyboard; sourceTree = "<group>"; };
		A263481421606872003C9B8F /* Info.plist */ = {isa = PBXFileReference; lastKnownFileType = text.plist.xml; path = Info.plist; sourceTree = "<group>"; };
		A263481921606872003C9B8F /* RuntimeDemoUITests.xctest */ = {isa = PBXFileReference; explicitFileType = wrapper.cfbundle; includeInIndex = 0; path = RuntimeDemoUITests.xctest; sourceTree = BUILT_PRODUCTS_DIR; };
		A263481D21606872003C9B8F /* RuntimeDemoUITests.swift */ = {isa = PBXFileReference; lastKnownFileType = sourcecode.swift; path = RuntimeDemoUITests.swift; sourceTree = "<group>"; };
		A263481F21606872003C9B8F /* Info.plist */ = {isa = PBXFileReference; lastKnownFileType = text.plist.xml; path = Info.plist; sourceTree = "<group>"; };
		A263482A21606B12003C9B8F /* MyViewController.swift */ = {isa = PBXFileReference; lastKnownFileType = sourcecode.swift; path = MyViewController.swift; sourceTree = "<group>"; };
		A263482C216072EB003C9B8F /* JYMediator.swift */ = {isa = PBXFileReference; lastKnownFileType = sourcecode.swift; path = JYMediator.swift; sourceTree = "<group>"; };
		A263482E21607B4D003C9B8F /* MyCenterModule.swift */ = {isa = PBXFileReference; lastKnownFileType = sourcecode.swift; path = MyCenterModule.swift; sourceTree = "<group>"; };
/* End PBXFileReference section */

/* Begin PBXFrameworksBuildPhase section */
		A26348022160686F003C9B8F /* Frameworks */ = {
			isa = PBXFrameworksBuildPhase;
			buildActionMask = 2147483647;
			files = (
			);
			runOnlyForDeploymentPostprocessing = 0;
		};
		A263481621606872003C9B8F /* Frameworks */ = {
			isa = PBXFrameworksBuildPhase;
			buildActionMask = 2147483647;
			files = (
			);
			runOnlyForDeploymentPostprocessing = 0;
		};
/* End PBXFrameworksBuildPhase section */

/* Begin PBXGroup section */
		A26347FC2160686F003C9B8F = {
			isa = PBXGroup;
			children = (
				A26348072160686F003C9B8F /* RuntimeDemo */,
				A263481C21606872003C9B8F /* RuntimeDemoUITests */,
				A26348062160686F003C9B8F /* Products */,
			);
			sourceTree = "<group>";
		};
		A26348062160686F003C9B8F /* Products */ = {
			isa = PBXGroup;
			children = (
				A26348052160686F003C9B8F /* RuntimeDemo.app */,
				A263481921606872003C9B8F /* RuntimeDemoUITests.xctest */,
			);
			name = Products;
			sourceTree = "<group>";
		};
		A26348072160686F003C9B8F /* RuntimeDemo */ = {
			isa = PBXGroup;
			children = (
				A26348082160686F003C9B8F /* AppDelegate.swift */,
				A263480A2160686F003C9B8F /* ViewController.swift */,
				A263482A21606B12003C9B8F /* MyViewController.swift */,
				A263482C216072EB003C9B8F /* JYMediator.swift */,
				A263482E21607B4D003C9B8F /* MyCenterModule.swift */,
				A22897DA216AF22B00BD9768 /* Target_MyCenter.swift */,
				A263480C2160686F003C9B8F /* Main.storyboard */,
				A263480F21606872003C9B8F /* Assets.xcassets */,
				A263481121606872003C9B8F /* LaunchScreen.storyboard */,
				A263481421606872003C9B8F /* Info.plist */,
			);
			path = RuntimeDemo;
			sourceTree = "<group>";
		};
		A263481C21606872003C9B8F /* RuntimeDemoUITests */ = {
			isa = PBXGroup;
			children = (
				A263481D21606872003C9B8F /* RuntimeDemoUITests.swift */,
				A263481F21606872003C9B8F /* Info.plist */,
			);
			path = RuntimeDemoUITests;
			sourceTree = "<group>";
		};
/* End PBXGroup section */

/* Begin PBXNativeTarget section */
		A26348042160686F003C9B8F /* RuntimeDemo */ = {
			isa = PBXNativeTarget;
			buildConfigurationList = A263482221606872003C9B8F /* Build configuration list for PBXNativeTarget "RuntimeDemo" */;
			buildPhases = (
				A26348012160686F003C9B8F /* Sources */,
				A26348022160686F003C9B8F /* Frameworks */,
				A26348032160686F003C9B8F /* Resources */,
			);
			buildRules = (
			);
			dependencies = (
			);
			name = RuntimeDemo;
			productName = RuntimeDemo;
			productReference = A26348052160686F003C9B8F /* RuntimeDemo.app */;
			productType = "com.apple.product-type.application";
		};
		A263481821606872003C9B8F /* RuntimeDemoUITests */ = {
			isa = PBXNativeTarget;
			buildConfigurationList = A263482521606872003C9B8F /* Build configuration list for PBXNativeTarget "RuntimeDemoUITests" */;
			buildPhases = (
				A263481521606872003C9B8F /* Sources */,
				A263481621606872003C9B8F /* Frameworks */,
				A263481721606872003C9B8F /* Resources */,
			);
			buildRules = (
			);
			dependencies = (
				A263481B21606872003C9B8F /* PBXTargetDependency */,
			);
			name = RuntimeDemoUITests;
			productName = RuntimeDemoUITests;
			productReference = A263481921606872003C9B8F /* RuntimeDemoUITests.xctest */;
			productType = "com.apple.product-type.bundle.ui-testing";
		};
/* End PBXNativeTarget section */

/* Begin PBXProject section */
		A26347FD2160686F003C9B8F /* Project object */ = {
			isa = PBXProject;
			attributes = {
				LastSwiftUpdateCheck = 1000;
				LastUpgradeCheck = 1000;
				TargetAttributes = {
					A26348042160686F003C9B8F = {
						CreatedOnToolsVersion = 10.0;
					};
					A263481821606872003C9B8F = {
						CreatedOnToolsVersion = 10.0;
						TestTargetID = A26348042160686F003C9B8F;
					};
				};
			};
			buildConfigurationList = A26348002160686F003C9B8F /* Build configuration list for PBXProject "RuntimeDemo" */;
			compatibilityVersion = "Xcode 9.3";
			developmentRegion = en;
			hasScannedForEncodings = 0;
			knownRegions = (
				en,
				Base,
			);
			mainGroup = A26347FC2160686F003C9B8F;
			productRefGroup = A26348062160686F003C9B8F /* Products */;
			projectDirPath = "";
			projectRoot = "";
			targets = (
				A26348042160686F003C9B8F /* RuntimeDemo */,
				A263481821606872003C9B8F /* RuntimeDemoUITests */,
			);
		};
/* End PBXProject section */

/* Begin PBXResourcesBuildPhase section */
		A26348032160686F003C9B8F /* Resources */ = {
			isa = PBXResourcesBuildPhase;
			buildActionMask = 2147483647;
			files = (
				A263481321606872003C9B8F /* LaunchScreen.storyboard in Resources */,
				A263481021606872003C9B8F /* Assets.xcassets in Resources */,
				A263480E2160686F003C9B8F /* Main.storyboard in Resources */,
			);
			runOnlyForDeploymentPostprocessing = 0;
		};
		A263481721606872003C9B8F /* Resources */ = {
			isa = PBXResourcesBuildPhase;
			buildActionMask = 2147483647;
			files = (
			);
			runOnlyForDeploymentPostprocessing = 0;
		};
/* End PBXResourcesBuildPhase section */

/* Begin PBXSourcesBuildPhase section */
		A26348012160686F003C9B8F /* Sources */ = {
			isa = PBXSourcesBuildPhase;
			buildActionMask = 2147483647;
			files = (
				A263480B2160686F003C9B8F /* ViewController.swift in Sources */,
				A263482B21606B12003C9B8F /* MyViewController.swift in Sources */,
				A26348092160686F003C9B8F /* AppDelegate.swift in Sources */,
				A263482F21607B4D003C9B8F /* MyCenterModule.swift in Sources */,
				A263482D216072EB003C9B8F /* JYMediator.swift in Sources */,
				A22897DB216AF22B00BD9768 /* Target_MyCenter.swift in Sources */,
			);
			runOnlyForDeploymentPostprocessing = 0;
		};
		A263481521606872003C9B8F /* Sources */ = {
			isa = PBXSourcesBuildPhase;
			buildActionMask = 2147483647;
			files = (
				A263481E21606872003C9B8F /* RuntimeDemoUITests.swift in Sources */,
			);
			runOnlyForDeploymentPostprocessing = 0;
		};
/* End PBXSourcesBuildPhase section */

/* Begin PBXTargetDependency section */
		A263481B21606872003C9B8F /* PBXTargetDependency */ = {
			isa = PBXTargetDependency;
			target = A26348042160686F003C9B8F /* RuntimeDemo */;
			targetProxy = A263481A21606872003C9B8F /* PBXContainerItemProxy */;
		};
/* End PBXTargetDependency section */

/* Begin PBXVariantGroup section */
		A263480C2160686F003C9B8F /* Main.storyboard */ = {
			isa = PBXVariantGroup;
			children = (
				A263480D2160686F003C9B8F /* Base */,
			);
			name = Main.storyboard;
			sourceTree = "<group>";
		};
		A263481121606872003C9B8F /* LaunchScreen.storyboard */ = {
			isa = PBXVariantGroup;
			children = (
				A263481221606872003C9B8F /* Base */,
			);
			name = LaunchScreen.storyboard;
			sourceTree = "<group>";
		};
/* End PBXVariantGroup section */

/* Begin XCBuildConfiguration section */
		A263482021606872003C9B8F /* Debug */ = {
			isa = XCBuildConfiguration;
			buildSettings = {
				ALWAYS_SEARCH_USER_PATHS = NO;
				CLANG_ANALYZER_NONNULL = YES;
				CLANG_ANALYZER_NUMBER_OBJECT_CONVERSION = YES_AGGRESSIVE;
				CLANG_CXX_LANGUAGE_STANDARD = "gnu++14";
				CLANG_CXX_LIBRARY = "libc++";
				CLANG_ENABLE_MODULES = YES;
				CLANG_ENABLE_OBJC_ARC = YES;
				CLANG_ENABLE_OBJC_WEAK = YES;
				CLANG_WARN_BLOCK_CAPTURE_AUTORELEASING = YES;
				CLANG_WARN_BOOL_CONVERSION = YES;
				CLANG_WARN_COMMA = YES;
				CLANG_WARN_CONSTANT_CONVERSION = YES;
				CLANG_WARN_DEPRECATED_OBJC_IMPLEMENTATIONS = YES;
				CLANG_WARN_DIRECT_OBJC_ISA_USAGE = YES_ERROR;
				CLANG_WARN_DOCUMENTATION_COMMENTS = YES;
				CLANG_WARN_EMPTY_BODY = YES;
				CLANG_WARN_ENUM_CONVERSION = YES;
				CLANG_WARN_INFINITE_RECURSION = YES;
				CLANG_WARN_INT_CONVERSION = YES;
				CLANG_WARN_NON_LITERAL_NULL_CONVERSION = YES;
				CLANG_WARN_OBJC_IMPLICIT_RETAIN_SELF = YES;
				CLANG_WARN_OBJC_LITERAL_CONVERSION = YES;
				CLANG_WARN_OBJC_ROOT_CLASS = YES_ERROR;
				CLANG_WARN_RANGE_LOOP_ANALYSIS = YES;
				CLANG_WARN_STRICT_PROTOTYPES = YES;
				CLANG_WARN_SUSPICIOUS_MOVE = YES;
				CLANG_WARN_UNGUARDED_AVAILABILITY = YES_AGGRESSIVE;
				CLANG_WARN_UNREACHABLE_CODE = YES;
				CLANG_WARN__DUPLICATE_METHOD_MATCH = YES;
				CODE_SIGN_IDENTITY = "iPhone Developer";
				COPY_PHASE_STRIP = NO;
				DEBUG_INFORMATION_FORMAT = dwarf;
				ENABLE_STRICT_OBJC_MSGSEND = YES;
				ENABLE_TESTABILITY = YES;
				GCC_C_LANGUAGE_STANDARD = gnu11;
				GCC_DYNAMIC_NO_PIC = NO;
				GCC_NO_COMMON_BLOCKS = YES;
				GCC_OPTIMIZATION_LEVEL = 0;
				GCC_PREPROCESSOR_DEFINITIONS = (
					"DEBUG=1",
					"$(inherited)",
				);
				GCC_WARN_64_TO_32_BIT_CONVERSION = YES;
				GCC_WARN_ABOUT_RETURN_TYPE = YES_ERROR;
				GCC_WARN_UNDECLARED_SELECTOR = YES;
				GCC_WARN_UNINITIALIZED_AUTOS = YES_AGGRESSIVE;
				GCC_WARN_UNUSED_FUNCTION = YES;
				GCC_WARN_UNUSED_VARIABLE = YES;
				IPHONEOS_DEPLOYMENT_TARGET = 12.0;
				MTL_ENABLE_DEBUG_INFO = INCLUDE_SOURCE;
				MTL_FAST_MATH = YES;
				ONLY_ACTIVE_ARCH = YES;
				SDKROOT = iphoneos;
				SWIFT_ACTIVE_COMPILATION_CONDITIONS = DEBUG;
				SWIFT_OPTIMIZATION_LEVEL = "-Onone";
			};
			name = Debug;
		};
		A263482121606872003C9B8F /* Release */ = {
			isa = XCBuildConfiguration;
			buildSettings = {
				ALWAYS_SEARCH_USER_PATHS = NO;
				CLANG_ANALYZER_NONNULL = YES;
				CLANG_ANALYZER_NUMBER_OBJECT_CONVERSION = YES_AGGRESSIVE;
				CLANG_CXX_LANGUAGE_STANDARD = "gnu++14";
				CLANG_CXX_LIBRARY = "libc++";
				CLANG_ENABLE_MODULES = YES;
				CLANG_ENABLE_OBJC_ARC = YES;
				CLANG_ENABLE_OBJC_WEAK = YES;
				CLANG_WARN_BLOCK_CAPTURE_AUTORELEASING = YES;
				CLANG_WARN_BOOL_CONVERSION = YES;
				CLANG_WARN_COMMA = YES;
				CLANG_WARN_CONSTANT_CONVERSION = YES;
				CLANG_WARN_DEPRECATED_OBJC_IMPLEMENTATIONS = YES;
				CLANG_WARN_DIRECT_OBJC_ISA_USAGE = YES_ERROR;
				CLANG_WARN_DOCUMENTATION_COMMENTS = YES;
				CLANG_WARN_EMPTY_BODY = YES;
				CLANG_WARN_ENUM_CONVERSION = YES;
				CLANG_WARN_INFINITE_RECURSION = YES;
				CLANG_WARN_INT_CONVERSION = YES;
				CLANG_WARN_NON_LITERAL_NULL_CONVERSION = YES;
				CLANG_WARN_OBJC_IMPLICIT_RETAIN_SELF = YES;
				CLANG_WARN_OBJC_LITERAL_CONVERSION = YES;
				CLANG_WARN_OBJC_ROOT_CLASS = YES_ERROR;
				CLANG_WARN_RANGE_LOOP_ANALYSIS = YES;
				CLANG_WARN_STRICT_PROTOTYPES = YES;
				CLANG_WARN_SUSPICIOUS_MOVE = YES;
				CLANG_WARN_UNGUARDED_AVAILABILITY = YES_AGGRESSIVE;
				CLANG_WARN_UNREACHABLE_CODE = YES;
				CLANG_WARN__DUPLICATE_METHOD_MATCH = YES;
				CODE_SIGN_IDENTITY = "iPhone Developer";
				COPY_PHASE_STRIP = NO;
				DEBUG_INFORMATION_FORMAT = "dwarf-with-dsym";
				ENABLE_NS_ASSERTIONS = NO;
				ENABLE_STRICT_OBJC_MSGSEND = YES;
				GCC_C_LANGUAGE_STANDARD = gnu11;
				GCC_NO_COMMON_BLOCKS = YES;
				GCC_WARN_64_TO_32_BIT_CONVERSION = YES;
				GCC_WARN_ABOUT_RETURN_TYPE = YES_ERROR;
				GCC_WARN_UNDECLARED_SELECTOR = YES;
				GCC_WARN_UNINITIALIZED_AUTOS = YES_AGGRESSIVE;
				GCC_WARN_UNUSED_FUNCTION = YES;
				GCC_WARN_UNUSED_VARIABLE = YES;
				IPHONEOS_DEPLOYMENT_TARGET = 12.0;
				MTL_ENABLE_DEBUG_INFO = NO;
				MTL_FAST_MATH = YES;
				SDKROOT = iphoneos;
				SWIFT_COMPILATION_MODE = wholemodule;
				SWIFT_OPTIMIZATION_LEVEL = "-O";
				VALIDATE_PRODUCT = YES;
			};
			name = Release;
		};
		A263482321606872003C9B8F /* Debug */ = {
			isa = XCBuildConfiguration;
			buildSettings = {
				ASSETCATALOG_COMPILER_APPICON_NAME = AppIcon;
				CODE_SIGN_STYLE = Automatic;
				INFOPLIST_FILE = RuntimeDemo/Info.plist;
				LD_RUNPATH_SEARCH_PATHS = (
					"$(inherited)",
					"@executable_path/Frameworks",
				);
				PRODUCT_BUNDLE_IDENTIFIER = com.linnan.RuntimeDemo;
				PRODUCT_NAME = "$(TARGET_NAME)";
				SWIFT_VERSION = 4.2;
				TARGETED_DEVICE_FAMILY = "1,2";
			};
			name = Debug;
		};
		A263482421606872003C9B8F /* Release */ = {
			isa = XCBuildConfiguration;
			buildSettings = {
				ASSETCATALOG_COMPILER_APPICON_NAME = AppIcon;
				CODE_SIGN_STYLE = Automatic;
				INFOPLIST_FILE = RuntimeDemo/Info.plist;
				LD_RUNPATH_SEARCH_PATHS = (
					"$(inherited)",
					"@executable_path/Frameworks",
				);
				PRODUCT_BUNDLE_IDENTIFIER = com.linnan.RuntimeDemo;
				PRODUCT_NAME = "$(TARGET_NAME)";
				SWIFT_VERSION = 4.2;
				TARGETED_DEVICE_FAMILY = "1,2";
			};
			name = Release;
		};
		A263482621606872003C9B8F /* Debug */ = {
			isa = XCBuildConfiguration;
			buildSettings = {
				ALWAYS_EMBED_SWIFT_STANDARD_LIBRARIES = YES;
				CODE_SIGN_STYLE = Automatic;
				INFOPLIST_FILE = RuntimeDemoUITests/Info.plist;
				LD_RUNPATH_SEARCH_PATHS = (
					"$(inherited)",
					"@executable_path/Frameworks",
					"@loader_path/Frameworks",
				);
				PRODUCT_BUNDLE_IDENTIFIER = com.linnan.RuntimeDemoUITests;
				PRODUCT_NAME = "$(TARGET_NAME)";
				SWIFT_VERSION = 4.2;
				TARGETED_DEVICE_FAMILY = "1,2";
				TEST_TARGET_NAME = RuntimeDemo;
			};
			name = Debug;
		};
		A263482721606872003C9B8F /* Release */ = {
			isa = XCBuildConfiguration;
			buildSettings = {
				ALWAYS_EMBED_SWIFT_STANDARD_LIBRARIES = YES;
				CODE_SIGN_STYLE = Automatic;
				INFOPLIST_FILE = RuntimeDemoUITests/Info.plist;
				LD_RUNPATH_SEARCH_PATHS = (
					"$(inherited)",
					"@executable_path/Frameworks",
					"@loader_path/Frameworks",
				);
				PRODUCT_BUNDLE_IDENTIFIER = com.linnan.RuntimeDemoUITests;
				PRODUCT_NAME = "$(TARGET_NAME)";
				SWIFT_VERSION = 4.2;
				TARGETED_DEVICE_FAMILY = "1,2";
				TEST_TARGET_NAME = RuntimeDemo;
			};
			name = Release;
		};
/* End XCBuildConfiguration section */

/* Begin XCConfigurationList section */
		A26348002160686F003C9B8F /* Build configuration list for PBXProject "RuntimeDemo" */ = {
			isa = XCConfigurationList;
			buildConfigurations = (
				A263482021606872003C9B8F /* Debug */,
				A263482121606872003C9B8F /* Release */,
			);
			defaultConfigurationIsVisible = 0;
			defaultConfigurationName = Release;
		};
		A263482221606872003C9B8F /* Build configuration list for PBXNativeTarget "RuntimeDemo" */ = {
			isa = XCConfigurationList;
			buildConfigurations = (
				A263482321606872003C9B8F /* Debug */,
				A263482421606872003C9B8F /* Release */,
			);
			defaultConfigurationIsVisible = 0;
			defaultConfigurationName = Release;
		};
		A263482521606872003C9B8F /* Build configuration list for PBXNativeTarget "RuntimeDemoUITests" */ = {
			isa = XCConfigurationList;
			buildConfigurations = (
				A263482621606872003C9B8F /* Debug */,
				A263482721606872003C9B8F /* Release */,
			);
			defaultConfigurationIsVisible = 0;
			defaultConfigurationName = Release;
		};
/* End XCConfigurationList section */
	};
	rootObject = A26347FD2160686F003C9B8F /* Project object */;
}
